
Microsoft Visual Studio Solution File, Format Version 12.00
# Visual Studio Version 17
VisualStudioVersion = 17.10.35013.160
MinimumVisualStudioVersion = 10.0.40219.1
Project("{FAE04EC0-301F-11D3-BF4B-00C04F79EFBC}") = "MvcMovie", "MvcMovie\MvcMovie.csproj", "{CDBF7FBF-A514-490B-9411-4275F811039D}"
EndProject
Global
	GlobalSection(SolutionConfigurationPlatforms) = preSolution
		Debug|Any CPU = Debug|Any CPU
		Release|Any CPU = Release|Any CPU
	EndGlobalSection
	GlobalSection(ProjectConfigurationPlatforms) = postSolution
		{CDBF7FBF-A514-490B-9411-4275F811039D}.Debug|Any CPU.ActiveCfg = Debug|Any CPU
		{CDBF7FBF-A514-490B-9411-4275F811039D}.Debug|Any CPU.Build.0 = Debug|Any CPU
		{CDBF7FBF-A514-490B-9411-4275F811039D}.Release|Any CPU.ActiveCfg = Release|Any CPU
		{CDBF7FBF-A514-490B-9411-4275F811039D}.Release|Any CPU.Build.0 = Release|Any CPU
	EndGlobalSection
	GlobalSection(SolutionProperties) = preSolution
		HideSolutionNode = FALSE
	EndGlobalSection
	GlobalSection(ExtensibilityGlobals) = postSolution
		SolutionGuid = {74CCC27F-96A9-4F0C-8595-2CFA6DA2504D}
	EndGlobalSection
EndGlobal
